
Microsoft Visual Studio Solution File, Format Version 12.00
# Visual Studio 15
VisualStudioVersion = 15.0.28307.271
MinimumVisualStudioVersion = 10.0.40219.1
Project("{FAE04EC0-301F-11D3-BF4B-00C04F79EFBC}") = "comp2084-lab2", "comp2084-lab2\comp2084-lab2.csproj", "{923ED696-37A6-4EC9-88BF-497B43ECDE87}"
EndProject
Global
	GlobalSection(SolutionConfigurationPlatforms) = preSolution
		Debug|Any CPU = Debug|Any CPU
		Release|Any CPU = Release|Any CPU
	EndGlobalSection
	GlobalSection(ProjectConfigurationPlatforms) = postSolution
		{923ED696-37A6-4EC9-88BF-497B43ECDE87}.Debug|Any CPU.ActiveCfg = Debug|Any CPU
		{923ED696-37A6-4EC9-88BF-497B43ECDE87}.Debug|Any CPU.Build.0 = Debug|Any CPU
		{923ED696-37A6-4EC9-88BF-497B43ECDE87}.Release|Any CPU.ActiveCfg = Release|Any CPU
		{923ED696-37A6-4EC9-88BF-497B43ECDE87}.Release|Any CPU.Build.0 = Release|Any CPU
	EndGlobalSection
	GlobalSection(SolutionProperties) = preSolution
		HideSolutionNode = FALSE
	EndGlobalSection
	GlobalSection(ExtensibilityGlobals) = postSolution
		SolutionGuid = {1A0EC858-A3F0-4776-9884-9F72A143203F}
	EndGlobalSection
EndGlobal
